
Microsoft Visual Studio Solution File, Format Version 12.00
# Visual Studio Version 17
VisualStudioVersion = 17.12.35514.174
MinimumVisualStudioVersion = 10.0.40219.1
Project("{FAE04EC0-301F-11D3-BF4B-00C04F79EFBC}") = "TechnicalDogsbody.Optimizely.CloudflareGeoLocationCriteria", "TechnicalDogsbody.Optimizely.CloudflareGeoLocationCriteria\TechnicalDogsbody.Optimizely.CloudflareGeoLocationCriteria.csproj", "{1244A098-124F-485A-8D14-C05CDF74E93E}"
EndProject
Project("{FAE04EC0-301F-11D3-BF4B-00C04F79EFBC}") = "TechnicalDogsbody.Optimizely.CloudflareGeoLocationCriteria.Tests", "TechnicalDogsbody.Optimizely.CloudflareGeoLocationCriteria.Tests\TechnicalDogsbody.Optimizely.CloudflareGeoLocationCriteria.Tests.csproj", "{93290FBA-4762-4995-9CB1-A2D2904BECB4}"
EndProject
Global
	GlobalSection(SolutionConfigurationPlatforms) = preSolution
		Debug|Any CPU = Debug|Any CPU
		Release|Any CPU = Release|Any CPU
	EndGlobalSection
	GlobalSection(ProjectConfigurationPlatforms) = postSolution
		{1244A098-124F-485A-8D14-C05CDF74E93E}.Debug|Any CPU.ActiveCfg = Debug|Any CPU
		{1244A098-124F-485A-8D14-C05CDF74E93E}.Debug|Any CPU.Build.0 = Debug|Any CPU
		{1244A098-124F-485A-8D14-C05CDF74E93E}.Release|Any CPU.ActiveCfg = Release|Any CPU
		{1244A098-124F-485A-8D14-C05CDF74E93E}.Release|Any CPU.Build.0 = Release|Any CPU
		{93290FBA-4762-4995-9CB1-A2D2904BECB4}.Debug|Any CPU.ActiveCfg = Debug|Any CPU
		{93290FBA-4762-4995-9CB1-A2D2904BECB4}.Debug|Any CPU.Build.0 = Debug|Any CPU
		{93290FBA-4762-4995-9CB1-A2D2904BECB4}.Release|Any CPU.ActiveCfg = Release|Any CPU
		{93290FBA-4762-4995-9CB1-A2D2904BECB4}.Release|Any CPU.Build.0 = Release|Any CPU
	EndGlobalSection
	GlobalSection(SolutionProperties) = preSolution
		HideSolutionNode = FALSE
	EndGlobalSection
EndGlobal
